
Microsoft Visual Studio Solution File, Format Version 12.00
# Visual Studio 15
VisualStudioVersion = 15.0.26228.10
MinimumVisualStudioVersion = 10.0.40219.1
Project("{FAE04EC0-301F-11D3-BF4B-00C04F79EFBC}") = "SupplierCatalogue.API", "SupplierCatalogue.API\SupplierCatalogue.API.csproj", "{5A6C728C-70C1-4B02-8515-774947876EAF}"
EndProject
Project("{FAE04EC0-301F-11D3-BF4B-00C04F79EFBC}") = "SupplierCatalogue.API.Tests", "SupplierCatalogue.API.Tests\SupplierCatalogue.API.Tests.csproj", "{E7911B91-2A63-4A81-B582-FBC193BE0A04}"
EndProject
Project("{FAE04EC0-301F-11D3-BF4B-00C04F79EFBC}") = "SupplierCatalogue.Models", "SupplierCatalogue.Models\SupplierCatalogue.Models.csproj", "{B83E1CEC-5BF4-4E8E-B0E6-8B1147DD6F73}"
EndProject
Global
	GlobalSection(SolutionConfigurationPlatforms) = preSolution
		Debug|Any CPU = Debug|Any CPU
		Release|Any CPU = Release|Any CPU
	EndGlobalSection
	GlobalSection(ProjectConfigurationPlatforms) = postSolution
		{5A6C728C-70C1-4B02-8515-774947876EAF}.Debug|Any CPU.ActiveCfg = Debug|Any CPU
		{5A6C728C-70C1-4B02-8515-774947876EAF}.Debug|Any CPU.Build.0 = Debug|Any CPU
		{5A6C728C-70C1-4B02-8515-774947876EAF}.Release|Any CPU.ActiveCfg = Release|Any CPU
		{5A6C728C-70C1-4B02-8515-774947876EAF}.Release|Any CPU.Build.0 = Release|Any CPU
		{E7911B91-2A63-4A81-B582-FBC193BE0A04}.Debug|Any CPU.ActiveCfg = Debug|Any CPU
		{E7911B91-2A63-4A81-B582-FBC193BE0A04}.Debug|Any CPU.Build.0 = Debug|Any CPU
		{E7911B91-2A63-4A81-B582-FBC193BE0A04}.Release|Any CPU.ActiveCfg = Release|Any CPU
		{E7911B91-2A63-4A81-B582-FBC193BE0A04}.Release|Any CPU.Build.0 = Release|Any CPU
		{B83E1CEC-5BF4-4E8E-B0E6-8B1147DD6F73}.Debug|Any CPU.ActiveCfg = Debug|Any CPU
		{B83E1CEC-5BF4-4E8E-B0E6-8B1147DD6F73}.Debug|Any CPU.Build.0 = Debug|Any CPU
		{B83E1CEC-5BF4-4E8E-B0E6-8B1147DD6F73}.Release|Any CPU.ActiveCfg = Release|Any CPU
		{B83E1CEC-5BF4-4E8E-B0E6-8B1147DD6F73}.Release|Any CPU.Build.0 = Release|Any CPU
	EndGlobalSection
	GlobalSection(SolutionProperties) = preSolution
		HideSolutionNode = FALSE
	EndGlobalSection
EndGlobal
